Microsoft Visual Studio Solution File, Format Version 12.00
# Visual Studio Version 17
VisualStudioVersion = 17.8.0.0
MinimumVisualStudioVersion = 10.0.40219.1
Project("{9A19103F-16F7-4668-BE54-9A1E7A4F7556}") = "TrainingContent.Core", "src\TrainingContent.Core\TrainingContent.Core.csproj", "{6F9A2C71-8B34-4E1D-9C45-1A2B3C4D5E03}"
EndProject
Project("{9A19103F-16F7-4668-BE54-9A1E7A4F7556}") = "TrainingContent.Capture", "src\TrainingContent.Capture\TrainingContent.Capture.csproj", "{6F9A2C71-8B34-4E1D-9C45-1A2B3C4D5E01}"
EndProject
Project("{9A19103F-16F7-4668-BE54-9A1E7A4F7556}") = "TrainingContent.Capture.Tests", "tests\TrainingContent.Capture.Tests\TrainingContent.Capture.Tests.csproj", "{6F9A2C71-8B34-4E1D-9C45-1A2B3C4D5E02}"
EndProject
Project("{9A19103F-16F7-4668-BE54-9A1E7A4F7556}") = "TrainingContent.Core.Tests", "tests\TrainingContent.Core.Tests\TrainingContent.Core.Tests.csproj", "{6F9A2C71-8B34-4E1D-9C45-1A2B3C4D5E04}"
EndProject
Project("{9A19103F-16F7-4668-BE54-9A1E7A4F7556}") = "TrainingContent.Manual", "src\TrainingContent.Manual\TrainingContent.Manual.csproj", "{C71C1F27-E3D3-40C4-AB2C-170E8CC02B7F}"
EndProject
Project("{9A19103F-16F7-4668-BE54-9A1E7A4F7556}") = "TrainingContent.Manual.Tests", "tests\TrainingContent.Manual.Tests\TrainingContent.Manual.Tests.csproj", "{267DEC6A-3F3C-49A5-A32B-2545A68DBD6E}"
EndProject
Project("{9A19103F-16F7-4668-BE54-9A1E7A4F7556}") = "TrainingContent.Video", "src\TrainingContent.Video\TrainingContent.Video.csproj", "{6F9A2C71-8B34-4E1D-9C45-1A2B3C4D5E07}"
EndProject
Project("{9A19103F-16F7-4668-BE54-9A1E7A4F7556}") = "TrainingContent.Video.Tests", "tests\TrainingContent.Video.Tests\TrainingContent.Video.Tests.csproj", "{6F9A2C71-8B34-4E1D-9C45-1A2B3C4D5E08}"
EndProject
Project("{9A19103F-16F7-4668-BE54-9A1E7A4F7556}") = "TrainingContent.Screenshot", "src\TrainingContent.Screenshot\TrainingContent.Screenshot.csproj", "{516BC64C-0A51-4EA3-B2E4-7AACE344799B}"
EndProject
Project("{9A19103F-16F7-4668-BE54-9A1E7A4F7556}") = "TrainingContent.Screenshot.Tests", "tests\TrainingContent.Screenshot.Tests\TrainingContent.Screenshot.Tests.csproj", "{2E67B34E-4FFD-4E18-A1F7-4F5650D3D1C8}"
EndProject
Global
	GlobalSection(SolutionConfigurationPlatforms) = preSolution
		Debug|x64 = Debug|x64
		Release|x64 = Release|x64
	EndGlobalSection
	GlobalSection(ProjectConfigurationPlatforms) = postSolution
		{6F9A2C71-8B34-4E1D-9C45-1A2B3C4D5E03}.Debug|x64.ActiveCfg = Debug|x64
		{6F9A2C71-8B34-4E1D-9C45-1A2B3C4D5E03}.Debug|x64.Build.0 = Debug|x64
		{6F9A2C71-8B34-4E1D-9C45-1A2B3C4D5E03}.Release|x64.ActiveCfg = Release|x64
		{6F9A2C71-8B34-4E1D-9C45-1A2B3C4D5E03}.Release|x64.Build.0 = Release|x64
		{6F9A2C71-8B34-4E1D-9C45-1A2B3C4D5E01}.Debug|x64.ActiveCfg = Debug|x64
		{6F9A2C71-8B34-4E1D-9C45-1A2B3C4D5E01}.Debug|x64.Build.0 = Debug|x64
		{6F9A2C71-8B34-4E1D-9C45-1A2B3C4D5E01}.Release|x64.ActiveCfg = Release|x64
		{6F9A2C71-8B34-4E1D-9C45-1A2B3C4D5E01}.Release|x64.Build.0 = Release|x64
		{6F9A2C71-8B34-4E1D-9C45-1A2B3C4D5E02}.Debug|x64.ActiveCfg = Debug|x64
		{6F9A2C71-8B34-4E1D-9C45-1A2B3C4D5E02}.Debug|x64.Build.0 = Debug|x64
		{6F9A2C71-8B34-4E1D-9C45-1A2B3C4D5E02}.Release|x64.ActiveCfg = Release|x64
		{6F9A2C71-8B34-4E1D-9C45-1A2B3C4D5E02}.Release|x64.Build.0 = Release|x64
		{6F9A2C71-8B34-4E1D-9C45-1A2B3C4D5E04}.Debug|x64.ActiveCfg = Debug|x64
		{6F9A2C71-8B34-4E1D-9C45-1A2B3C4D5E04}.Debug|x64.Build.0 = Debug|x64
		{6F9A2C71-8B34-4E1D-9C45-1A2B3C4D5E04}.Release|x64.ActiveCfg = Release|x64
		{6F9A2C71-8B34-4E1D-9C45-1A2B3C4D5E04}.Release|x64.Build.0 = Release|x64
		{C71C1F27-E3D3-40C4-AB2C-170E8CC02B7F}.Debug|x64.ActiveCfg = Debug|x64
		{C71C1F27-E3D3-40C4-AB2C-170E8CC02B7F}.Debug|x64.Build.0 = Debug|x64
		{C71C1F27-E3D3-40C4-AB2C-170E8CC02B7F}.Release|x64.ActiveCfg = Release|x64
		{C71C1F27-E3D3-40C4-AB2C-170E8CC02B7F}.Release|x64.Build.0 = Release|x64
		{267DEC6A-3F3C-49A5-A32B-2545A68DBD6E}.Debug|x64.ActiveCfg = Debug|x64
		{267DEC6A-3F3C-49A5-A32B-2545A68DBD6E}.Debug|x64.Build.0 = Debug|x64
		{267DEC6A-3F3C-49A5-A32B-2545A68DBD6E}.Release|x64.ActiveCfg = Release|x64
		{267DEC6A-3F3C-49A5-A32B-2545A68DBD6E}.Release|x64.Build.0 = Release|x64
		{6F9A2C71-8B34-4E1D-9C45-1A2B3C4D5E07}.Debug|x64.ActiveCfg = Debug|x64
		{6F9A2C71-8B34-4E1D-9C45-1A2B3C4D5E07}.Debug|x64.Build.0 = Debug|x64
		{6F9A2C71-8B34-4E1D-9C45-1A2B3C4D5E07}.Release|x64.ActiveCfg = Release|x64
		{6F9A2C71-8B34-4E1D-9C45-1A2B3C4D5E07}.Release|x64.Build.0 = Release|x64
		{6F9A2C71-8B34-4E1D-9C45-1A2B3C4D5E08}.Debug|x64.ActiveCfg = Debug|x64
		{6F9A2C71-8B34-4E1D-9C45-1A2B3C4D5E08}.Debug|x64.Build.0 = Debug|x64
		{6F9A2C71-8B34-4E1D-9C45-1A2B3C4D5E08}.Release|x64.ActiveCfg = Release|x64
		{6F9A2C71-8B34-4E1D-9C45-1A2B3C4D5E08}.Release|x64.Build.0 = Release|x64
		{516BC64C-0A51-4EA3-B2E4-7AACE344799B}.Debug|x64.ActiveCfg = Debug|x64
		{516BC64C-0A51-4EA3-B2E4-7AACE344799B}.Debug|x64.Build.0 = Debug|x64
		{516BC64C-0A51-4EA3-B2E4-7AACE344799B}.Release|x64.ActiveCfg = Release|x64
		{516BC64C-0A51-4EA3-B2E4-7AACE344799B}.Release|x64.Build.0 = Release|x64
		{2E67B34E-4FFD-4E18-A1F7-4F5650D3D1C8}.Debug|x64.ActiveCfg = Debug|x64
		{2E67B34E-4FFD-4E18-A1F7-4F5650D3D1C8}.Debug|x64.Build.0 = Debug|x64
		{2E67B34E-4FFD-4E18-A1F7-4F5650D3D1C8}.Release|x64.ActiveCfg = Release|x64
		{2E67B34E-4FFD-4E18-A1F7-4F5650D3D1C8}.Release|x64.Build.0 = Release|x64
	EndGlobalSection
	GlobalSection(SolutionProperties) = preSolution
		HideSolutionNode = FALSE
	EndGlobalSection
EndGlobal
